
Microsoft Visual Studio Solution File, Format Version 12.00
# Visual Studio 15
VisualStudioVersion = 15.0.28307.779
MinimumVisualStudioVersion = 10.0.40219.1
Project("{9A19103F-16F7-4668-BE54-9A1E7A4F7556}") = "LiteDBenchmark", "LiteDBanchmark\LiteDBenchmark.csproj", "{89F2F1AF-8A81-4BD9-8709-51EEEFE9940F}"
EndProject
Project("{9A19103F-16F7-4668-BE54-9A1E7A4F7556}") = "LiteDB", "LiteDB\LiteDB.csproj", "{143EBEA5-B8C1-4C1A-802D-30B6CCD650D1}"
EndProject
Global
	GlobalSection(Performance) = preSolution
		HasPerformanceSessions = true
	EndGlobalSection
	GlobalSection(SolutionConfigurationPlatforms) = preSolution
		Debug|Any CPU = Debug|Any CPU
		Release|Any CPU = Release|Any CPU
	EndGlobalSection
	GlobalSection(ProjectConfigurationPlatforms) = postSolution
		{89F2F1AF-8A81-4BD9-8709-51EEEFE9940F}.Debug|Any CPU.ActiveCfg = Debug|Any CPU
		{89F2F1AF-8A81-4BD9-8709-51EEEFE9940F}.Debug|Any CPU.Build.0 = Debug|Any CPU
		{89F2F1AF-8A81-4BD9-8709-51EEEFE9940F}.Release|Any CPU.ActiveCfg = Release|Any CPU
		{89F2F1AF-8A81-4BD9-8709-51EEEFE9940F}.Release|Any CPU.Build.0 = Release|Any CPU
		{143EBEA5-B8C1-4C1A-802D-30B6CCD650D1}.Debug|Any CPU.ActiveCfg = Debug|Any CPU
		{143EBEA5-B8C1-4C1A-802D-30B6CCD650D1}.Debug|Any CPU.Build.0 = Debug|Any CPU
		{143EBEA5-B8C1-4C1A-802D-30B6CCD650D1}.Release|Any CPU.ActiveCfg = Release|Any CPU
		{143EBEA5-B8C1-4C1A-802D-30B6CCD650D1}.Release|Any CPU.Build.0 = Release|Any CPU
	EndGlobalSection
	GlobalSection(SolutionProperties) = preSolution
		HideSolutionNode = FALSE
	EndGlobalSection
	GlobalSection(ExtensibilityGlobals) = postSolution
		SolutionGuid = {C5E09E91-7E6E-498C-A0D5-8C2F90424466}
	EndGlobalSection
	GlobalSection(Performance) = preSolution
		HasPerformanceSessions = true
	EndGlobalSection
	GlobalSection(Performance) = preSolution
		HasPerformanceSessions = true
	EndGlobalSection
	GlobalSection(Performance) = preSolution
		HasPerformanceSessions = true
	EndGlobalSection
	GlobalSection(Performance) = preSolution
		HasPerformanceSessions = true
	EndGlobalSection
	GlobalSection(Performance) = preSolution
		HasPerformanceSessions = true
	EndGlobalSection
EndGlobal
